# THIS IS AN AUTOGENERATED FILE. DO NOT EDIT THIS FILE DIRECTLY.
# yarn lockfile v1


agent-base@^4.1.0:
  version "4.2.0"
  resolved "https://registry.yarnpkg.com/agent-base/-/agent-base-4.2.0.tgz#9838b5c3392b962bad031e6a4c5e1024abec45ce"
  dependencies:
    es6-promisify "^5.0.0"

async@^2.6.0:
  version "2.6.0"
  resolved "https://registry.yarnpkg.com/async/-/async-2.6.0.tgz#61a29abb6fcc026fea77e56d1c6ec53a795951f4"
  dependencies:
    lodash "^4.14.0"

debug@^3.1.0:
  version "3.1.0"
  resolved "https://registry.yarnpkg.com/debug/-/debug-3.1.0.tgz#5bb5a0672628b64149566ba16819e61518c67261"
  dependencies:
    ms "2.0.0"

dotenv@^4.0.0:
  version "4.0.0"
  resolved "https://registry.yarnpkg.com/dotenv/-/dotenv-4.0.0.tgz#864ef1379aced55ce6f95debecdce179f7a0cd1d"

es6-promise@^4.0.3:
  version "4.2.4"
  resolved "https://registry.yarnpkg.com/es6-promise/-/es6-promise-4.2.4.tgz#dc4221c2b16518760bd8c39a52d8f356fc00ed29"

es6-promisify@^5.0.0:
  version "5.0.0"
  resolved "https://registry.yarnpkg.com/es6-promisify/-/es6-promisify-5.0.0.tgz#5109d62f3e56ea967c4b63505aef08291c8a5203"
  dependencies:
    es6-promise "^4.0.3"

github@^13.1.0:
  version "13.1.0"
  resolved "https://registry.yarnpkg.com/github/-/github-13.1.0.tgz#fc925950beebdff0cb0583197598b86f41bedaa4"
  dependencies:
    debug "^3.1.0"
    dotenv "^4.0.0"
    https-proxy-agent "^2.1.0"
    is-stream "^1.1.0"
    lodash "^4.17.4"
    proxy-from-env "^1.0.0"
    url-template "^2.0.8"

https-proxy-agent@^2.1.0:
  version "2.1.1"
  resolved "https://registry.yarnpkg.com/https-proxy-agent/-/https-proxy-agent-2.1.1.tgz#a7ce4382a1ba8266ee848578778122d491260fd9"
  dependencies:
    agent-base "^4.1.0"
    debug "^3.1.0"

is-stream@^1.1.0:
  version "1.1.0"
  resolved "https://registry.yarnpkg.com/is-stream/-/is-stream-1.1.0.tgz#12d4a3dd4e68e0b79ceb8dbc84173ae80d91ca44"

lodash@^4.14.0, lodash@^4.17.4:
  version "4.17.5"
  resolved "https://registry.yarnpkg.com/lodash/-/lodash-4.17.5.tgz#99a92d65c0272debe8c96b6057bc8fbfa3bed511"

ms@2.0.0:
  version "2.0.0"
  resolved "https://registry.yarnpkg.com/ms/-/ms-2.0.0.tgz#5608aeadfc00be6c2901df5f9861788de0d597c8"

proxy-from-env@^1.0.0:
  version "1.0.0"
  resolved "https://registry.yarnpkg.com/proxy-from-env/-/proxy-from-env-1.0.0.tgz#33c50398f70ea7eb96d21f7b817630a55791c7ee"

url-template@^2.0.8:
  version "2.0.8"
  resolved "https://registry.yarnpkg.com/url-template/-/url-template-2.0.8.tgz#fc565a3cccbff7730c775f5641f9555791439f21"
